# This file was autogenerated by Stack.
# You should not edit this file by hand.
# For more information, please see the documentation at:
#   https://docs.haskellstack.org/en/stable/lock_files

packages: []
snapshots:
- completed:
    size: 562267
    url: https://raw.githubusercontent.com/commercialhaskell/stackage-snapshots/master/nightly/2021/1/10.yaml
    sha256: 9e39510437161f009d0e61c6e07d40350efce72cf9f71931bb89804b9d86d010
  original: nightly-2021-01-10
