# This file was autogenerated by Stack.
# You should not edit this file by hand.
# For more information, please see the documentation at:
#   https://docs.haskellstack.org/en/stable/lock_files

packages: []
snapshots:
- completed:
    size: 586612
    url: https://raw.githubusercontent.com/commercialhaskell/stackage-snapshots/master/nightly/2021/10/13.yaml
    sha256: 3ed968d68cccd6ddbc6b0b73f2507e18a969e64d1171df2e0ea1b3677b51ba75
  original: nightly-2021-10-13
