# This file was autogenerated by Stack.
# You should not edit this file by hand.
# For more information, please see the documentation at:
#   https://docs.haskellstack.org/en/stable/lock_files

snapshots:
- original: nightly-2021-08-16
  completed:
    sha256: 26b9d5a72daee3077f4b92d81139c43afb724010c155c6d3a2a1620135b8e66d
    url: https://raw.githubusercontent.com/commercialhaskell/stackage-snapshots/master/nightly/2021/8/16.yaml
    size: 575895
packages: []
