# This file was autogenerated by Stack.
# You should not edit this file by hand.
# For more information, please see the documentation at:
#   https://docs.haskellstack.org/en/stable/lock_files

packages: []
snapshots:
- completed:
    size: 581696
    url: https://raw.githubusercontent.com/commercialhaskell/stackage-snapshots/master/nightly/2021/9/18.yaml
    sha256: f5184f7aaede1ce0aa29ec8be072f916c3c1b1ba95772cc55cb6e1787fa0ef51
  original: nightly-2021-09-18
