# This file was autogenerated by Stack.
# You should not edit this file by hand.
# For more information, please see the documentation at:
#   https://docs.haskellstack.org/en/stable/lock_files

packages: []
snapshots:
- completed:
    size: 609309
    url: https://raw.githubusercontent.com/commercialhaskell/stackage-snapshots/master/nightly/2022/2/19.yaml
    sha256: d661d997c564c9dfd7391721335e0f8f1355a196d7f60037ae7c762d5bf127ed
  original: nightly-2022-02-19
