# This file was autogenerated by Stack.
# You should not edit this file by hand.
# For more information, please see the documentation at:
#   https://docs.haskellstack.org/en/stable/lock_files

packages:
- completed:
    hackage: diagnose-1.8.2@sha256:d70959f2147f5a1d01c1cc14a7ad8f117d0a3cd544d626bb06a93e40b2ad5cbe,5661
    pantry-tree:
      size: 1200
      sha256: 3153c3dd608ed606523dc6d50e56ea5621f0ba59ad54b264840741e818b32005
  original:
    hackage: diagnose-1.8.2@sha256:d70959f2147f5a1d01c1cc14a7ad8f117d0a3cd544d626bb06a93e40b2ad5cbe,5661
snapshots:
- completed:
    size: 616793
    url: https://raw.githubusercontent.com/commercialhaskell/stackage-snapshots/master/nightly/2022/7/15.yaml
    sha256: d7c4c68c7f7401e5f2f4c0edf1bcb8e7d7cc8575bc9d778eb49443f5281e9c9e
  original: nightly-2022-07-15
